
Microsoft Visual Studio Solution File, Format Version 12.00
# Visual Studio Version 17
VisualStudioVersion = 17.2.32317.152
MinimumVisualStudioVersion = 10.0.40219.1
Project("{2150E333-8FDC-42A3-9474-1A3956D46DE8}") = "netwoking", "netwoking", "{09483EED-E1ED-47BA-93CD-041891211410}"
EndProject
Project("{9A19103F-16F7-4668-BE54-9A1E7A4F7556}") = "Encryption", "Encrytion\Encryption.csproj", "{76B2AFDF-467D-4EFC-86DF-6AD821E68A45}"
EndProject
Project("{9A19103F-16F7-4668-BE54-9A1E7A4F7556}") = "Bilskirnir", "Bilskirnir\Bilskirnir.csproj", "{A547E8C6-B62D-41D6-B278-F4A1D31EC16C}"
EndProject
Project("{2150E333-8FDC-42A3-9474-1A3956D46DE8}") = "plugins", "plugins", "{FA0FE70D-710A-4899-8550-1B02FC26EE9F}"
EndProject
Project("{9A19103F-16F7-4668-BE54-9A1E7A4F7556}") = "Yggdrasil", "Yggdrasil\Yggdrasil.csproj", "{5EDB398B-61B1-4458-9DD9-C5BBA6EC150F}"
EndProject
Project("{2150E333-8FDC-42A3-9474-1A3956D46DE8}") = "client", "client", "{34A189A0-5335-4463-8D9D-A4B6D8AB6FB7}"
EndProject
Project("{9A19103F-16F7-4668-BE54-9A1E7A4F7556}") = "Damocles", "Damocles\Damocles.csproj", "{27D93604-35C3-4552-AE1C-032D9D3F6671}"
EndProject
Project("{2150E333-8FDC-42A3-9474-1A3956D46DE8}") = "server", "server", "{7A43E600-D196-40C9-9D16-D59594F57FFC}"
EndProject
Project("{9A19103F-16F7-4668-BE54-9A1E7A4F7556}") = "Transport", "Transport\Transport.csproj", "{E0FC000E-42D9-4A9B-AD12-E458624B718A}"
EndProject
Project("{2150E333-8FDC-42A3-9474-1A3956D46DE8}") = "tests", "tests", "{F160948F-5BAF-43BB-A7D2-9F2C677FE43F}"
EndProject
Project("{2150E333-8FDC-42A3-9474-1A3956D46DE8}") = "benchmarks", "benchmarks", "{97634D9A-E498-483D-BC8C-730AA59D43EC}"
EndProject
Project("{9A19103F-16F7-4668-BE54-9A1E7A4F7556}") = "EncryptionBenchmark", "EncryptionBenchmarks\EncryptionBenchmark.csproj", "{B6B0AC56-5904-4E48-992E-F4D2D7244897}"
EndProject
Project("{9A19103F-16F7-4668-BE54-9A1E7A4F7556}") = "PacketReaderWriterTests", "PacketReaderWriterTests\PacketReaderWriterTests.csproj", "{A360B66D-C0AF-4CAC-B284-DCD3EE19CDE9}"
EndProject
Project("{9A19103F-16F7-4668-BE54-9A1E7A4F7556}") = "EncryptionTests", "EncryptionTests\EncryptionTests.csproj", "{FAA97506-3800-4C93-9A84-AF53922818FB}"
EndProject
Project("{9A19103F-16F7-4668-BE54-9A1E7A4F7556}") = "Merlin", "Merlin\Merlin.csproj", "{D36E37F7-A9EA-4024-8839-832765CC4C48}"
EndProject
Project("{2150E333-8FDC-42A3-9474-1A3956D46DE8}") = "common", "common", "{69F80D56-FE32-48AC-A9A4-33C7D4D8F451}"
EndProject
Project("{9A19103F-16F7-4668-BE54-9A1E7A4F7556}") = "Yggdrasil.Api", "Yggdrasil.Api\Yggdrasil.Api.csproj", "{F8F34FB5-E692-4013-93B7-A9DC96B2031B}"
EndProject
Project("{2150E333-8FDC-42A3-9474-1A3956D46DE8}") = "streaming", "streaming", "{C77541A1-3DA4-4430-867E-2F7006C58BF4}"
EndProject
Project("{9A19103F-16F7-4668-BE54-9A1E7A4F7556}") = "OpenH264", "OpenH264\OpenH264.csproj", "{801E5FB3-6EBB-4AB0-92C9-2AC864A5B8EA}"
EndProject
Project("{9A19103F-16F7-4668-BE54-9A1E7A4F7556}") = "EventManagerBenchmark", "EventManagerBenchmark\EventManagerBenchmark.csproj", "{ED2273FB-E47B-4765-BF2B-0471AA2C0368}"
EndProject
Project("{9A19103F-16F7-4668-BE54-9A1E7A4F7556}") = "EventManagerTests", "EventManagerTests\EventManagerTests.csproj", "{39E4D15E-88A9-4405-9583-314840F9970D}"
EndProject
Project("{9A19103F-16F7-4668-BE54-9A1E7A4F7556}") = "TransportTests", "TransportTests\TransportTests.csproj", "{5BC42B3D-0FC2-4F17-9982-C59384C01226}"
EndProject
Project("{9A19103F-16F7-4668-BE54-9A1E7A4F7556}") = "BilskirnirTests", "BilskirnirTests\BilskirnirTests.csproj", "{1E4BA03E-AD24-4751-9D7B-D09369E87699}"
EndProject
Project("{9A19103F-16F7-4668-BE54-9A1E7A4F7556}") = "ProfilerTests", "ProfilerTests\ProfilerTests.csproj", "{34FCB5DD-5D4E-40EE-9370-F62E77C392A4}"
EndProject
Project("{2150E333-8FDC-42A3-9474-1A3956D46DE8}") = "terminal", "terminal", "{0F6E85D4-5D5A-46DC-A185-E9EB1B7CA577}"
EndProject
Project("{9A19103F-16F7-4668-BE54-9A1E7A4F7556}") = "RemoteTerminal", "RemoteTerminal\RemoteTerminal.csproj", "{B628DC52-860F-43EA-8D3E-4ABACE5D822B}"
EndProject
Project("{2150E333-8FDC-42A3-9474-1A3956D46DE8}") = "file", "file", "{875E77FF-6232-40A2-B06C-865D0CCF438E}"
EndProject
Project("{9A19103F-16F7-4668-BE54-9A1E7A4F7556}") = "FileBrowser", "FileBrowser\FileBrowser.csproj", "{23542C95-FC4B-42EC-8EB7-B3957E6BCBBB}"
EndProject
Project("{2150E333-8FDC-42A3-9474-1A3956D46DE8}") = "library", "library", "{CA27A888-ECF2-4365-A10E-3C77610FD4CB}"
EndProject
Project("{9A19103F-16F7-4668-BE54-9A1E7A4F7556}") = "RemoteDesktop", "RemoteDesktop\RemoteDesktop.csproj", "{E9F2604A-2D98-446D-84D5-468E96AC9463}"
EndProject
Project("{9A19103F-16F7-4668-BE54-9A1E7A4F7556}") = "OpenH264Benchmark", "OpenH264Benchmark\OpenH264Benchmark.csproj", "{3D0C438E-A834-46BA-B03E-DCD07699E098}"
EndProject
Project("{9A19103F-16F7-4668-BE54-9A1E7A4F7556}") = "GdiRescaleBenchmark", "GdiRescaleBenchmark\GdiRescaleBenchmark.csproj", "{89C410D0-A936-4498-9D8B-6154302F3214}"
EndProject
Project("{2150E333-8FDC-42A3-9474-1A3956D46DE8}") = "tools", "tools", "{4B207186-E55B-49C3-8EC2-B2783EE4E198}"
EndProject
Project("{9A19103F-16F7-4668-BE54-9A1E7A4F7556}") = "CopyToServer", "CopyToServer\CopyToServer.csproj", "{7D25EB8E-6421-451F-BD75-E99A27B8CB3F}"
EndProject
Project("{2150E333-8FDC-42A3-9474-1A3956D46DE8}") = "src", "src", "{B4CD4D3D-BB3E-4E74-B805-00865603F73C}"
EndProject
Project("{2150E333-8FDC-42A3-9474-1A3956D46DE8}") = "docs", "docs", "{A4F170FB-942A-4BB1-BB58-11EFC2A509AA}"
	ProjectSection(SolutionItems) = preProject
		API.md = API.md
		Network.md = Network.md
		Setup.md = Setup.md
	EndProjectSection
EndProject
Project("{2150E333-8FDC-42A3-9474-1A3956D46DE8}") = "Solution Items", "Solution Items", "{EE42945F-53CA-495D-AAFF-24F1446F2C37}"
	ProjectSection(SolutionItems) = preProject
		Readme.md = Readme.md
	EndProjectSection
EndProject
Global
	GlobalSection(SolutionConfigurationPlatforms) = preSolution
		Debug|Any CPU = Debug|Any CPU
		Release|Any CPU = Release|Any CPU
	EndGlobalSection
	GlobalSection(ProjectConfigurationPlatforms) = postSolution
		{76B2AFDF-467D-4EFC-86DF-6AD821E68A45}.Debug|Any CPU.ActiveCfg = Debug|Any CPU
		{76B2AFDF-467D-4EFC-86DF-6AD821E68A45}.Debug|Any CPU.Build.0 = Debug|Any CPU
		{76B2AFDF-467D-4EFC-86DF-6AD821E68A45}.Release|Any CPU.ActiveCfg = Release|Any CPU
		{76B2AFDF-467D-4EFC-86DF-6AD821E68A45}.Release|Any CPU.Build.0 = Release|Any CPU
		{A547E8C6-B62D-41D6-B278-F4A1D31EC16C}.Debug|Any CPU.ActiveCfg = Debug|Any CPU
		{A547E8C6-B62D-41D6-B278-F4A1D31EC16C}.Debug|Any CPU.Build.0 = Debug|Any CPU
		{A547E8C6-B62D-41D6-B278-F4A1D31EC16C}.Release|Any CPU.ActiveCfg = Release|Any CPU
		{A547E8C6-B62D-41D6-B278-F4A1D31EC16C}.Release|Any CPU.Build.0 = Release|Any CPU
		{5EDB398B-61B1-4458-9DD9-C5BBA6EC150F}.Debug|Any CPU.ActiveCfg = Debug|Any CPU
		{5EDB398B-61B1-4458-9DD9-C5BBA6EC150F}.Debug|Any CPU.Build.0 = Debug|Any CPU
		{5EDB398B-61B1-4458-9DD9-C5BBA6EC150F}.Release|Any CPU.ActiveCfg = Release|Any CPU
		{5EDB398B-61B1-4458-9DD9-C5BBA6EC150F}.Release|Any CPU.Build.0 = Release|Any CPU
		{27D93604-35C3-4552-AE1C-032D9D3F6671}.Debug|Any CPU.ActiveCfg = Debug|Any CPU
		{27D93604-35C3-4552-AE1C-032D9D3F6671}.Debug|Any CPU.Build.0 = Debug|Any CPU
		{27D93604-35C3-4552-AE1C-032D9D3F6671}.Release|Any CPU.ActiveCfg = Release|Any CPU
		{27D93604-35C3-4552-AE1C-032D9D3F6671}.Release|Any CPU.Build.0 = Release|Any CPU
		{E0FC000E-42D9-4A9B-AD12-E458624B718A}.Debug|Any CPU.ActiveCfg = Debug|Any CPU
		{E0FC000E-42D9-4A9B-AD12-E458624B718A}.Debug|Any CPU.Build.0 = Debug|Any CPU
		{E0FC000E-42D9-4A9B-AD12-E458624B718A}.Release|Any CPU.ActiveCfg = Release|Any CPU
		{E0FC000E-42D9-4A9B-AD12-E458624B718A}.Release|Any CPU.Build.0 = Release|Any CPU
		{B6B0AC56-5904-4E48-992E-F4D2D7244897}.Debug|Any CPU.ActiveCfg = Debug|Any CPU
		{B6B0AC56-5904-4E48-992E-F4D2D7244897}.Debug|Any CPU.Build.0 = Debug|Any CPU
		{B6B0AC56-5904-4E48-992E-F4D2D7244897}.Release|Any CPU.ActiveCfg = Release|Any CPU
		{B6B0AC56-5904-4E48-992E-F4D2D7244897}.Release|Any CPU.Build.0 = Release|Any CPU
		{A360B66D-C0AF-4CAC-B284-DCD3EE19CDE9}.Debug|Any CPU.ActiveCfg = Debug|Any CPU
		{A360B66D-C0AF-4CAC-B284-DCD3EE19CDE9}.Debug|Any CPU.Build.0 = Debug|Any CPU
		{A360B66D-C0AF-4CAC-B284-DCD3EE19CDE9}.Release|Any CPU.ActiveCfg = Release|Any CPU
		{A360B66D-C0AF-4CAC-B284-DCD3EE19CDE9}.Release|Any CPU.Build.0 = Release|Any CPU
		{FAA97506-3800-4C93-9A84-AF53922818FB}.Debug|Any CPU.ActiveCfg = Debug|Any CPU
		{FAA97506-3800-4C93-9A84-AF53922818FB}.Debug|Any CPU.Build.0 = Debug|Any CPU
		{FAA97506-3800-4C93-9A84-AF53922818FB}.Release|Any CPU.ActiveCfg = Release|Any CPU
		{FAA97506-3800-4C93-9A84-AF53922818FB}.Release|Any CPU.Build.0 = Release|Any CPU
		{D36E37F7-A9EA-4024-8839-832765CC4C48}.Debug|Any CPU.ActiveCfg = Debug|Any CPU
		{D36E37F7-A9EA-4024-8839-832765CC4C48}.Debug|Any CPU.Build.0 = Debug|Any CPU
		{D36E37F7-A9EA-4024-8839-832765CC4C48}.Release|Any CPU.ActiveCfg = Release|Any CPU
		{D36E37F7-A9EA-4024-8839-832765CC4C48}.Release|Any CPU.Build.0 = Release|Any CPU
		{F8F34FB5-E692-4013-93B7-A9DC96B2031B}.Debug|Any CPU.ActiveCfg = Debug|Any CPU
		{F8F34FB5-E692-4013-93B7-A9DC96B2031B}.Debug|Any CPU.Build.0 = Debug|Any CPU
		{F8F34FB5-E692-4013-93B7-A9DC96B2031B}.Release|Any CPU.ActiveCfg = Release|Any CPU
		{F8F34FB5-E692-4013-93B7-A9DC96B2031B}.Release|Any CPU.Build.0 = Release|Any CPU
		{801E5FB3-6EBB-4AB0-92C9-2AC864A5B8EA}.Debug|Any CPU.ActiveCfg = Debug|Any CPU
		{801E5FB3-6EBB-4AB0-92C9-2AC864A5B8EA}.Debug|Any CPU.Build.0 = Debug|Any CPU
		{801E5FB3-6EBB-4AB0-92C9-2AC864A5B8EA}.Release|Any CPU.ActiveCfg = Release|Any CPU
		{801E5FB3-6EBB-4AB0-92C9-2AC864A5B8EA}.Release|Any CPU.Build.0 = Release|Any CPU
		{ED2273FB-E47B-4765-BF2B-0471AA2C0368}.Debug|Any CPU.ActiveCfg = Debug|Any CPU
		{ED2273FB-E47B-4765-BF2B-0471AA2C0368}.Debug|Any CPU.Build.0 = Debug|Any CPU
		{ED2273FB-E47B-4765-BF2B-0471AA2C0368}.Release|Any CPU.ActiveCfg = Release|Any CPU
		{ED2273FB-E47B-4765-BF2B-0471AA2C0368}.Release|Any CPU.Build.0 = Release|Any CPU
		{39E4D15E-88A9-4405-9583-314840F9970D}.Debug|Any CPU.ActiveCfg = Debug|Any CPU
		{39E4D15E-88A9-4405-9583-314840F9970D}.Debug|Any CPU.Build.0 = Debug|Any CPU
		{39E4D15E-88A9-4405-9583-314840F9970D}.Release|Any CPU.ActiveCfg = Release|Any CPU
		{39E4D15E-88A9-4405-9583-314840F9970D}.Release|Any CPU.Build.0 = Release|Any CPU
		{5BC42B3D-0FC2-4F17-9982-C59384C01226}.Debug|Any CPU.ActiveCfg = Debug|Any CPU
		{5BC42B3D-0FC2-4F17-9982-C59384C01226}.Debug|Any CPU.Build.0 = Debug|Any CPU
		{5BC42B3D-0FC2-4F17-9982-C59384C01226}.Release|Any CPU.ActiveCfg = Release|Any CPU
		{5BC42B3D-0FC2-4F17-9982-C59384C01226}.Release|Any CPU.Build.0 = Release|Any CPU
		{1E4BA03E-AD24-4751-9D7B-D09369E87699}.Debug|Any CPU.ActiveCfg = Debug|Any CPU
		{1E4BA03E-AD24-4751-9D7B-D09369E87699}.Debug|Any CPU.Build.0 = Debug|Any CPU
		{1E4BA03E-AD24-4751-9D7B-D09369E87699}.Release|Any CPU.ActiveCfg = Release|Any CPU
		{1E4BA03E-AD24-4751-9D7B-D09369E87699}.Release|Any CPU.Build.0 = Release|Any CPU
		{34FCB5DD-5D4E-40EE-9370-F62E77C392A4}.Debug|Any CPU.ActiveCfg = Debug|Any CPU
		{34FCB5DD-5D4E-40EE-9370-F62E77C392A4}.Debug|Any CPU.Build.0 = Debug|Any CPU
		{34FCB5DD-5D4E-40EE-9370-F62E77C392A4}.Release|Any CPU.ActiveCfg = Release|Any CPU
		{34FCB5DD-5D4E-40EE-9370-F62E77C392A4}.Release|Any CPU.Build.0 = Release|Any CPU
		{B628DC52-860F-43EA-8D3E-4ABACE5D822B}.Debug|Any CPU.ActiveCfg = Debug|Any CPU
		{B628DC52-860F-43EA-8D3E-4ABACE5D822B}.Debug|Any CPU.Build.0 = Debug|Any CPU
		{B628DC52-860F-43EA-8D3E-4ABACE5D822B}.Release|Any CPU.ActiveCfg = Release|Any CPU
		{B628DC52-860F-43EA-8D3E-4ABACE5D822B}.Release|Any CPU.Build.0 = Release|Any CPU
		{23542C95-FC4B-42EC-8EB7-B3957E6BCBBB}.Debug|Any CPU.ActiveCfg = Debug|Any CPU
		{23542C95-FC4B-42EC-8EB7-B3957E6BCBBB}.Debug|Any CPU.Build.0 = Debug|Any CPU
		{23542C95-FC4B-42EC-8EB7-B3957E6BCBBB}.Release|Any CPU.ActiveCfg = Release|Any CPU
		{23542C95-FC4B-42EC-8EB7-B3957E6BCBBB}.Release|Any CPU.Build.0 = Release|Any CPU
		{E9F2604A-2D98-446D-84D5-468E96AC9463}.Debug|Any CPU.ActiveCfg = Debug|Any CPU
		{E9F2604A-2D98-446D-84D5-468E96AC9463}.Debug|Any CPU.Build.0 = Debug|Any CPU
		{E9F2604A-2D98-446D-84D5-468E96AC9463}.Release|Any CPU.ActiveCfg = Release|Any CPU
		{E9F2604A-2D98-446D-84D5-468E96AC9463}.Release|Any CPU.Build.0 = Release|Any CPU
		{3D0C438E-A834-46BA-B03E-DCD07699E098}.Debug|Any CPU.ActiveCfg = Debug|Any CPU
		{3D0C438E-A834-46BA-B03E-DCD07699E098}.Debug|Any CPU.Build.0 = Debug|Any CPU
		{3D0C438E-A834-46BA-B03E-DCD07699E098}.Release|Any CPU.ActiveCfg = Release|Any CPU
		{3D0C438E-A834-46BA-B03E-DCD07699E098}.Release|Any CPU.Build.0 = Release|Any CPU
		{89C410D0-A936-4498-9D8B-6154302F3214}.Debug|Any CPU.ActiveCfg = Debug|Any CPU
		{89C410D0-A936-4498-9D8B-6154302F3214}.Debug|Any CPU.Build.0 = Debug|Any CPU
		{89C410D0-A936-4498-9D8B-6154302F3214}.Release|Any CPU.ActiveCfg = Release|Any CPU
		{89C410D0-A936-4498-9D8B-6154302F3214}.Release|Any CPU.Build.0 = Release|Any CPU
		{7D25EB8E-6421-451F-BD75-E99A27B8CB3F}.Debug|Any CPU.ActiveCfg = Debug|Any CPU
		{7D25EB8E-6421-451F-BD75-E99A27B8CB3F}.Debug|Any CPU.Build.0 = Debug|Any CPU
		{7D25EB8E-6421-451F-BD75-E99A27B8CB3F}.Release|Any CPU.ActiveCfg = Release|Any CPU
		{7D25EB8E-6421-451F-BD75-E99A27B8CB3F}.Release|Any CPU.Build.0 = Release|Any CPU
	EndGlobalSection
	GlobalSection(SolutionProperties) = preSolution
		HideSolutionNode = FALSE
	EndGlobalSection
	GlobalSection(NestedProjects) = preSolution
		{09483EED-E1ED-47BA-93CD-041891211410} = {B4CD4D3D-BB3E-4E74-B805-00865603F73C}
		{76B2AFDF-467D-4EFC-86DF-6AD821E68A45} = {09483EED-E1ED-47BA-93CD-041891211410}
		{A547E8C6-B62D-41D6-B278-F4A1D31EC16C} = {09483EED-E1ED-47BA-93CD-041891211410}
		{FA0FE70D-710A-4899-8550-1B02FC26EE9F} = {B4CD4D3D-BB3E-4E74-B805-00865603F73C}
		{5EDB398B-61B1-4458-9DD9-C5BBA6EC150F} = {69F80D56-FE32-48AC-A9A4-33C7D4D8F451}
		{34A189A0-5335-4463-8D9D-A4B6D8AB6FB7} = {B4CD4D3D-BB3E-4E74-B805-00865603F73C}
		{27D93604-35C3-4552-AE1C-032D9D3F6671} = {34A189A0-5335-4463-8D9D-A4B6D8AB6FB7}
		{7A43E600-D196-40C9-9D16-D59594F57FFC} = {B4CD4D3D-BB3E-4E74-B805-00865603F73C}
		{E0FC000E-42D9-4A9B-AD12-E458624B718A} = {09483EED-E1ED-47BA-93CD-041891211410}
		{F160948F-5BAF-43BB-A7D2-9F2C677FE43F} = {B4CD4D3D-BB3E-4E74-B805-00865603F73C}
		{97634D9A-E498-483D-BC8C-730AA59D43EC} = {B4CD4D3D-BB3E-4E74-B805-00865603F73C}
		{B6B0AC56-5904-4E48-992E-F4D2D7244897} = {97634D9A-E498-483D-BC8C-730AA59D43EC}
		{A360B66D-C0AF-4CAC-B284-DCD3EE19CDE9} = {F160948F-5BAF-43BB-A7D2-9F2C677FE43F}
		{FAA97506-3800-4C93-9A84-AF53922818FB} = {F160948F-5BAF-43BB-A7D2-9F2C677FE43F}
		{D36E37F7-A9EA-4024-8839-832765CC4C48} = {7A43E600-D196-40C9-9D16-D59594F57FFC}
		{69F80D56-FE32-48AC-A9A4-33C7D4D8F451} = {B4CD4D3D-BB3E-4E74-B805-00865603F73C}
		{F8F34FB5-E692-4013-93B7-A9DC96B2031B} = {69F80D56-FE32-48AC-A9A4-33C7D4D8F451}
		{C77541A1-3DA4-4430-867E-2F7006C58BF4} = {FA0FE70D-710A-4899-8550-1B02FC26EE9F}
		{801E5FB3-6EBB-4AB0-92C9-2AC864A5B8EA} = {CA27A888-ECF2-4365-A10E-3C77610FD4CB}
		{ED2273FB-E47B-4765-BF2B-0471AA2C0368} = {97634D9A-E498-483D-BC8C-730AA59D43EC}
		{39E4D15E-88A9-4405-9583-314840F9970D} = {F160948F-5BAF-43BB-A7D2-9F2C677FE43F}
		{5BC42B3D-0FC2-4F17-9982-C59384C01226} = {F160948F-5BAF-43BB-A7D2-9F2C677FE43F}
		{1E4BA03E-AD24-4751-9D7B-D09369E87699} = {F160948F-5BAF-43BB-A7D2-9F2C677FE43F}
		{34FCB5DD-5D4E-40EE-9370-F62E77C392A4} = {F160948F-5BAF-43BB-A7D2-9F2C677FE43F}
		{0F6E85D4-5D5A-46DC-A185-E9EB1B7CA577} = {FA0FE70D-710A-4899-8550-1B02FC26EE9F}
		{B628DC52-860F-43EA-8D3E-4ABACE5D822B} = {0F6E85D4-5D5A-46DC-A185-E9EB1B7CA577}
		{875E77FF-6232-40A2-B06C-865D0CCF438E} = {FA0FE70D-710A-4899-8550-1B02FC26EE9F}
		{23542C95-FC4B-42EC-8EB7-B3957E6BCBBB} = {875E77FF-6232-40A2-B06C-865D0CCF438E}
		{CA27A888-ECF2-4365-A10E-3C77610FD4CB} = {C77541A1-3DA4-4430-867E-2F7006C58BF4}
		{E9F2604A-2D98-446D-84D5-468E96AC9463} = {C77541A1-3DA4-4430-867E-2F7006C58BF4}
		{3D0C438E-A834-46BA-B03E-DCD07699E098} = {97634D9A-E498-483D-BC8C-730AA59D43EC}
		{89C410D0-A936-4498-9D8B-6154302F3214} = {97634D9A-E498-483D-BC8C-730AA59D43EC}
		{4B207186-E55B-49C3-8EC2-B2783EE4E198} = {B4CD4D3D-BB3E-4E74-B805-00865603F73C}
		{7D25EB8E-6421-451F-BD75-E99A27B8CB3F} = {4B207186-E55B-49C3-8EC2-B2783EE4E198}
	EndGlobalSection
	GlobalSection(ExtensibilityGlobals) = postSolution
		SolutionGuid = {210AC75F-E0AF-4AA3-8B0A-333D852C11DB}
	EndGlobalSection
EndGlobal
